
Microsoft Visual Studio Solution File, Format Version 12.00
# Visual Studio 15
VisualStudioVersion = 15.0.28307.168
MinimumVisualStudioVersion = 10.0.40219.1
Project("{FAE04EC0-301F-11D3-BF4B-00C04F79EFBC}") = "VideoPokerAssistant", "VideoPokerAssistant\VideoPokerAssistant.csproj", "{CD4FF7C9-5373-4C65-9E9F-CA99EBBA9AEF}"
EndProject
Global
	GlobalSection(SolutionConfigurationPlatforms) = preSolution
		Debug|Any CPU = Debug|Any CPU
		Release|Any CPU = Release|Any CPU
	EndGlobalSection
	GlobalSection(ProjectConfigurationPlatforms) = postSolution
		{CD4FF7C9-5373-4C65-9E9F-CA99EBBA9AEF}.Debug|Any CPU.ActiveCfg = Debug|Any CPU
		{CD4FF7C9-5373-4C65-9E9F-CA99EBBA9AEF}.Debug|Any CPU.Build.0 = Debug|Any CPU
		{CD4FF7C9-5373-4C65-9E9F-CA99EBBA9AEF}.Release|Any CPU.ActiveCfg = Release|Any CPU
		{CD4FF7C9-5373-4C65-9E9F-CA99EBBA9AEF}.Release|Any CPU.Build.0 = Release|Any CPU
	EndGlobalSection
	GlobalSection(SolutionProperties) = preSolution
		HideSolutionNode = FALSE
	EndGlobalSection
	GlobalSection(ExtensibilityGlobals) = postSolution
		SolutionGuid = {EEC99B52-C76E-419B-A48A-C569267E8404}
	EndGlobalSection
EndGlobal
